# This file is automatically @generated by Cargo.
# It is not intended for manual editing.
version = 4

[[package]]
name = "progeny"
version = "0.1.0"
dependencies = [
 "progeny-macros",
]

[[package]]
name = "progeny-codegen"
version = "0.1.0"

[[package]]
name = "progeny-macros"
version = "0.1.0"
